
Microsoft Visual Studio Solution File, Format Version 12.00
# Visual Studio Version 16
VisualStudioVersion = 16.0.31702.278
MinimumVisualStudioVersion = 10.0.40219.1
Project("{FAE04EC0-301F-11D3-BF4B-00C04F79EFBC}") = "memory_game", "memory_game\memory_game.csproj", "{FBF96BEB-97EE-4CAD-9FF5-31EAC29E5480}"
EndProject
Global
	GlobalSection(SolutionConfigurationPlatforms) = preSolution
		Debug|Any CPU = Debug|Any CPU
		Release|Any CPU = Release|Any CPU
	EndGlobalSection
	GlobalSection(ProjectConfigurationPlatforms) = postSolution
		{FBF96BEB-97EE-4CAD-9FF5-31EAC29E5480}.Debug|Any CPU.ActiveCfg = Debug|Any CPU
		{FBF96BEB-97EE-4CAD-9FF5-31EAC29E5480}.Debug|Any CPU.Build.0 = Debug|Any CPU
		{FBF96BEB-97EE-4CAD-9FF5-31EAC29E5480}.Release|Any CPU.ActiveCfg = Release|Any CPU
		{FBF96BEB-97EE-4CAD-9FF5-31EAC29E5480}.Release|Any CPU.Build.0 = Release|Any CPU
	EndGlobalSection
	GlobalSection(SolutionProperties) = preSolution
		HideSolutionNode = FALSE
	EndGlobalSection
	GlobalSection(ExtensibilityGlobals) = postSolution
		SolutionGuid = {09B98CDE-85E7-4113-8BEB-3EE19C14F652}
	EndGlobalSection
EndGlobal
